
Microsoft Visual Studio Solution File, Format Version 12.00
# Visual Studio Version 16
VisualStudioVersion = 16.0.31702.278
MinimumVisualStudioVersion = 10.0.40219.1
Project("{9092AA53-FB77-4645-B42D-1CCCA6BD08BD}") = "dictionary", "dictionary\dictionary.njsproj", "{01E599E8-5C6F-428B-808A-58C9A2397D05}"
EndProject
Global
	GlobalSection(SolutionConfigurationPlatforms) = preSolution
		Debug|Any CPU = Debug|Any CPU
		Release|Any CPU = Release|Any CPU
	EndGlobalSection
	GlobalSection(ProjectConfigurationPlatforms) = postSolution
		{01E599E8-5C6F-428B-808A-58C9A2397D05}.Debug|Any CPU.ActiveCfg = Debug|Any CPU
		{01E599E8-5C6F-428B-808A-58C9A2397D05}.Debug|Any CPU.Build.0 = Debug|Any CPU
		{01E599E8-5C6F-428B-808A-58C9A2397D05}.Release|Any CPU.ActiveCfg = Release|Any CPU
		{01E599E8-5C6F-428B-808A-58C9A2397D05}.Release|Any CPU.Build.0 = Release|Any CPU
	EndGlobalSection
	GlobalSection(SolutionProperties) = preSolution
		HideSolutionNode = FALSE
	EndGlobalSection
	GlobalSection(ExtensibilityGlobals) = postSolution
		SolutionGuid = {63CAA9C2-0CCC-4FCB-BE42-D01961F2A9C3}
	EndGlobalSection
EndGlobal
